
Microsoft Visual Studio Solution File, Format Version 12.00
# Visual Studio Version 17
VisualStudioVersion = 17.5.002.0
MinimumVisualStudioVersion = 10.0.40219.1
Project("{9A19103F-16F7-4668-BE54-9A1E7A4F7556}") = "HeartRateZoneService", "HeartRateZoneService.csproj", "{EEBB0982-7A9A-40E7-AA4C-21E57CE0EB72}"
EndProject
Global
	GlobalSection(SolutionConfigurationPlatforms) = preSolution
		Debug|Any CPU = Debug|Any CPU
		Release|Any CPU = Release|Any CPU
	EndGlobalSection
	GlobalSection(ProjectConfigurationPlatforms) = postSolution
		{EEBB0982-7A9A-40E7-AA4C-21E57CE0EB72}.Debug|Any CPU.ActiveCfg = Debug|Any CPU
		{EEBB0982-7A9A-40E7-AA4C-21E57CE0EB72}.Debug|Any CPU.Build.0 = Debug|Any CPU
		{EEBB0982-7A9A-40E7-AA4C-21E57CE0EB72}.Release|Any CPU.ActiveCfg = Release|Any CPU
		{EEBB0982-7A9A-40E7-AA4C-21E57CE0EB72}.Release|Any CPU.Build.0 = Release|Any CPU
	EndGlobalSection
	GlobalSection(SolutionProperties) = preSolution
		HideSolutionNode = FALSE
	EndGlobalSection
	GlobalSection(ExtensibilityGlobals) = postSolution
		SolutionGuid = {5AACAC5C-1894-4A4F-B93A-5E13E5FE8971}
	EndGlobalSection
EndGlobal
